
Microsoft Visual Studio Solution File, Format Version 12.00
# Visual Studio Version 17
VisualStudioVersion = 17.2.32630.192
MinimumVisualStudioVersion = 10.0.40219.1
Project("{FAE04EC0-301F-11D3-BF4B-00C04F79EFBC}") = "1.2", "1.2\1.2.csproj", "{BC43203E-29D5-4276-B96A-15C57E242DC2}"
EndProject
Global
	GlobalSection(SolutionConfigurationPlatforms) = preSolution
		Debug|Any CPU = Debug|Any CPU
		Release|Any CPU = Release|Any CPU
	EndGlobalSection
	GlobalSection(ProjectConfigurationPlatforms) = postSolution
		{BC43203E-29D5-4276-B96A-15C57E242DC2}.Debug|Any CPU.ActiveCfg = Debug|Any CPU
		{BC43203E-29D5-4276-B96A-15C57E242DC2}.Debug|Any CPU.Build.0 = Debug|Any CPU
		{BC43203E-29D5-4276-B96A-15C57E242DC2}.Release|Any CPU.ActiveCfg = Release|Any CPU
		{BC43203E-29D5-4276-B96A-15C57E242DC2}.Release|Any CPU.Build.0 = Release|Any CPU
	EndGlobalSection
	GlobalSection(SolutionProperties) = preSolution
		HideSolutionNode = FALSE
	EndGlobalSection
	GlobalSection(ExtensibilityGlobals) = postSolution
		SolutionGuid = {5551CB52-F6CB-42E1-9434-FBE24FEAF51C}
	EndGlobalSection
EndGlobal
