
Microsoft Visual Studio Solution File, Format Version 12.00
# Visual Studio Version 17
VisualStudioVersion = 17.3.32922.545
MinimumVisualStudioVersion = 10.0.40219.1
Project("{FAE04EC0-301F-11D3-BF4B-00C04F79EFBC}") = "1.1", "1.1\1.1.csproj", "{657C24C5-EFF7-4A12-B177-CA7EDC27ECF1}"
EndProject
Global
	GlobalSection(SolutionConfigurationPlatforms) = preSolution
		Debug|Any CPU = Debug|Any CPU
		Release|Any CPU = Release|Any CPU
	EndGlobalSection
	GlobalSection(ProjectConfigurationPlatforms) = postSolution
		{657C24C5-EFF7-4A12-B177-CA7EDC27ECF1}.Debug|Any CPU.ActiveCfg = Debug|Any CPU
		{657C24C5-EFF7-4A12-B177-CA7EDC27ECF1}.Debug|Any CPU.Build.0 = Debug|Any CPU
		{657C24C5-EFF7-4A12-B177-CA7EDC27ECF1}.Release|Any CPU.ActiveCfg = Release|Any CPU
		{657C24C5-EFF7-4A12-B177-CA7EDC27ECF1}.Release|Any CPU.Build.0 = Release|Any CPU
	EndGlobalSection
	GlobalSection(SolutionProperties) = preSolution
		HideSolutionNode = FALSE
	EndGlobalSection
	GlobalSection(ExtensibilityGlobals) = postSolution
		SolutionGuid = {A73FEFFF-043A-4C37-8EB4-BC19F74C31F2}
	EndGlobalSection
EndGlobal
